
Microsoft Visual Studio Solution File, Format Version 11.00
# Visual Studio 2010
Project("{FAE04EC0-301F-11D3-BF4B-00C04F79EFBC}") = "dailynotes", "dailynotes\dailynotes.csproj", "{C969FAB7-999E-4B1E-8C35-D19E30D7EFE7}"
	ProjectSection(ProjectDependencies) = postProject
		{B44E8D8A-37D3-4E89-9849-669F61A24837} = {B44E8D8A-37D3-4E89-9849-669F61A24837}
		{B44E8D8A-37D3-4E89-9849-669F61A24837} = {B44E8D8A-37D3-4E89-9849-669F61A24837}
	EndProjectSection
EndProject
Project("{FAE04EC0-301F-11D3-BF4B-00C04F79EFBC}") = "dailynotes.Web", "dailynotes.Web\dailynotes.Web.csproj", "{B44E8D8A-37D3-4E89-9849-669F61A24837}"
EndProject
Project("{FAE04EC0-301F-11D3-BF4B-00C04F79EFBC}") = "dailynotes_test", "dailynotes_test\dailynotes_test.csproj", "{05F554BA-4E97-42FA-A0B0-CE5EB7F58E24}"
EndProject
Project("{2150E333-8FDC-42A3-9474-1A3956D46DE8}") = "Solution Items", "Solution Items", "{5FFEB308-8D98-4261-940E-229351C9C8FD}"
	ProjectSection(SolutionItems) = preProject
		dailynotes.vsmdi = dailynotes.vsmdi
		Local.testsettings = Local.testsettings
		TraceAndTestImpact.testsettings = TraceAndTestImpact.testsettings
	EndProjectSection
EndProject
Global
	GlobalSection(TestCaseManagementSettings) = postSolution
		CategoryFile = dailynotes.vsmdi
	EndGlobalSection
	GlobalSection(SolutionConfigurationPlatforms) = preSolution
		Debug|Any CPU = Debug|Any CPU
		Release|Any CPU = Release|Any CPU
	EndGlobalSection
	GlobalSection(ProjectConfigurationPlatforms) = postSolution
		{C969FAB7-999E-4B1E-8C35-D19E30D7EFE7}.Debug|Any CPU.ActiveCfg = Debug|Any CPU
		{C969FAB7-999E-4B1E-8C35-D19E30D7EFE7}.Debug|Any CPU.Build.0 = Debug|Any CPU
		{C969FAB7-999E-4B1E-8C35-D19E30D7EFE7}.Release|Any CPU.ActiveCfg = Release|Any CPU
		{C969FAB7-999E-4B1E-8C35-D19E30D7EFE7}.Release|Any CPU.Build.0 = Release|Any CPU
		{B44E8D8A-37D3-4E89-9849-669F61A24837}.Debug|Any CPU.ActiveCfg = Debug|Any CPU
		{B44E8D8A-37D3-4E89-9849-669F61A24837}.Debug|Any CPU.Build.0 = Debug|Any CPU
		{B44E8D8A-37D3-4E89-9849-669F61A24837}.Release|Any CPU.ActiveCfg = Release|Any CPU
		{B44E8D8A-37D3-4E89-9849-669F61A24837}.Release|Any CPU.Build.0 = Release|Any CPU
		{05F554BA-4E97-42FA-A0B0-CE5EB7F58E24}.Debug|Any CPU.ActiveCfg = Debug|Any CPU
		{05F554BA-4E97-42FA-A0B0-CE5EB7F58E24}.Debug|Any CPU.Build.0 = Debug|Any CPU
		{05F554BA-4E97-42FA-A0B0-CE5EB7F58E24}.Release|Any CPU.ActiveCfg = Release|Any CPU
		{05F554BA-4E97-42FA-A0B0-CE5EB7F58E24}.Release|Any CPU.Build.0 = Release|Any CPU
	EndGlobalSection
	GlobalSection(SolutionProperties) = preSolution
		HideSolutionNode = FALSE
	EndGlobalSection
EndGlobal
